
Microsoft Visual Studio Solution File, Format Version 12.00
# Visual Studio 14
VisualStudioVersion = 14.0.25420.1
MinimumVisualStudioVersion = 10.0.40219.1
Project("{FAE04EC0-301F-11D3-BF4B-00C04F79EFBC}") = "eIRB_new", "eIRB_new\eIRB_new.csproj", "{BA920D91-11AA-4E92-A7D4-4D30EE71C405}"
EndProject
Global
	GlobalSection(SolutionConfigurationPlatforms) = preSolution
		Debug|Any CPU = Debug|Any CPU
		Release|Any CPU = Release|Any CPU
	EndGlobalSection
	GlobalSection(ProjectConfigurationPlatforms) = postSolution
		{BA920D91-11AA-4E92-A7D4-4D30EE71C405}.Debug|Any CPU.ActiveCfg = Debug|Any CPU
		{BA920D91-11AA-4E92-A7D4-4D30EE71C405}.Debug|Any CPU.Build.0 = Debug|Any CPU
		{BA920D91-11AA-4E92-A7D4-4D30EE71C405}.Release|Any CPU.ActiveCfg = Release|Any CPU
		{BA920D91-11AA-4E92-A7D4-4D30EE71C405}.Release|Any CPU.Build.0 = Release|Any CPU
	EndGlobalSection
	GlobalSection(SolutionProperties) = preSolution
		HideSolutionNode = FALSE
	EndGlobalSection
EndGlobal
